
Microsoft Visual Studio Solution File, Format Version 12.00
# Visual Studio Version 16
VisualStudioVersion = 16.0.32228.343
MinimumVisualStudioVersion = 10.0.40219.1
Project("{FAE04EC0-301F-11D3-BF4B-00C04F79EFBC}") = "Datos", "Datos\Datos.csproj", "{5B77391C-FD19-457B-87B6-3F82A663C7D5}"
EndProject
Project("{FAE04EC0-301F-11D3-BF4B-00C04F79EFBC}") = "PresentacionWindows", "PresentacionWindows\PresentacionWindows.csproj", "{37855725-6C57-4CC0-A9A2-75A572F270BF}"
EndProject
Project("{FAE04EC0-301F-11D3-BF4B-00C04F79EFBC}") = "PresentacionWeb", "PresentacionWeb\PresentacionWeb.csproj", "{7367A6F9-44BA-482D-88AB-32D47348185A}"
EndProject
Global
	GlobalSection(SolutionConfigurationPlatforms) = preSolution
		Debug|Any CPU = Debug|Any CPU
		Release|Any CPU = Release|Any CPU
	EndGlobalSection
	GlobalSection(ProjectConfigurationPlatforms) = postSolution
		{5B77391C-FD19-457B-87B6-3F82A663C7D5}.Debug|Any CPU.ActiveCfg = Debug|Any CPU
		{5B77391C-FD19-457B-87B6-3F82A663C7D5}.Debug|Any CPU.Build.0 = Debug|Any CPU
		{5B77391C-FD19-457B-87B6-3F82A663C7D5}.Release|Any CPU.ActiveCfg = Release|Any CPU
		{5B77391C-FD19-457B-87B6-3F82A663C7D5}.Release|Any CPU.Build.0 = Release|Any CPU
		{37855725-6C57-4CC0-A9A2-75A572F270BF}.Debug|Any CPU.ActiveCfg = Debug|Any CPU
		{37855725-6C57-4CC0-A9A2-75A572F270BF}.Debug|Any CPU.Build.0 = Debug|Any CPU
		{37855725-6C57-4CC0-A9A2-75A572F270BF}.Release|Any CPU.ActiveCfg = Release|Any CPU
		{37855725-6C57-4CC0-A9A2-75A572F270BF}.Release|Any CPU.Build.0 = Release|Any CPU
		{7367A6F9-44BA-482D-88AB-32D47348185A}.Debug|Any CPU.ActiveCfg = Debug|Any CPU
		{7367A6F9-44BA-482D-88AB-32D47348185A}.Debug|Any CPU.Build.0 = Debug|Any CPU
		{7367A6F9-44BA-482D-88AB-32D47348185A}.Release|Any CPU.ActiveCfg = Release|Any CPU
		{7367A6F9-44BA-482D-88AB-32D47348185A}.Release|Any CPU.Build.0 = Release|Any CPU
	EndGlobalSection
	GlobalSection(SolutionProperties) = preSolution
		HideSolutionNode = FALSE
	EndGlobalSection
	GlobalSection(ExtensibilityGlobals) = postSolution
		SolutionGuid = {3ABFD7D7-78AA-4A9E-9D5A-FD7519E4FEDA}
	EndGlobalSection
EndGlobal
