
Microsoft Visual Studio Solution File, Format Version 12.00
# Visual Studio Version 16
VisualStudioVersion = 16.0.32228.343
MinimumVisualStudioVersion = 10.0.40219.1
Project("{FAE04EC0-301F-11D3-BF4B-00C04F79EFBC}") = "WindowsDemo", "WindowsDemo\WindowsDemo.csproj", "{0263AD5F-EF97-4DF3-851B-70E1738F8857}"
EndProject
Project("{FAE04EC0-301F-11D3-BF4B-00C04F79EFBC}") = "WindowsDemoPropiedades", "WindowsDemoPropiedades\WindowsDemoPropiedades.csproj", "{946F6B5A-804E-4B9E-B892-CEAF7BDA1925}"
EndProject
Project("{FAE04EC0-301F-11D3-BF4B-00C04F79EFBC}") = "WindowsEscuela", "WindowsEscuela\WindowsEscuela.csproj", "{79B37BAA-E1D3-4D15-A4C8-F1C1E13BF8E1}"
EndProject
Project("{FAE04EC0-301F-11D3-BF4B-00C04F79EFBC}") = "WindowsProductos", "WindowsProductos\WindowsProductos.csproj", "{E066EBFB-293C-4442-86A0-5199FC205A0F}"
EndProject
Project("{FAE04EC0-301F-11D3-BF4B-00C04F79EFBC}") = "WindowsDemoHerencia", "WindowsDemoHerencia\WindowsDemoHerencia.csproj", "{30468071-6BAA-40EC-9770-0D7F686727C7}"
EndProject
Project("{FAE04EC0-301F-11D3-BF4B-00C04F79EFBC}") = "WindowsHerenciaClinica", "WindowsHerenciaClinica\WindowsHerenciaClinica.csproj", "{4A5487A7-C1C3-4745-A40C-9FD20D31C482}"
EndProject
Project("{FAE04EC0-301F-11D3-BF4B-00C04F79EFBC}") = "WindowsDemoPolimorfismo", "WindowsDemoPolimorfismo\WindowsDemoPolimorfismo.csproj", "{0142224B-103F-4DB2-B113-FBB06E19A606}"
EndProject
Project("{FAE04EC0-301F-11D3-BF4B-00C04F79EFBC}") = "WindowsDemoStatic", "WindowsDemoStatic\WindowsDemoStatic.csproj", "{E51EA8A0-D30C-424A-91B9-7FF6AE9CC258}"
EndProject
Project("{FAE04EC0-301F-11D3-BF4B-00C04F79EFBC}") = "WindowsDemoColecciones", "WindowsDemoColecciones\WindowsDemoColecciones.csproj", "{B000336A-3CF6-4085-8CE6-B9C7FAD2E7B7}"
EndProject
Project("{FAE04EC0-301F-11D3-BF4B-00C04F79EFBC}") = "WindowsDemoRelacionesObjetos", "WindowsDemoRelacionesObjetos\WindowsDemoRelacionesObjetos.csproj", "{2DC61A29-9EB6-4A60-8FB2-0082F8D10012}"
EndProject
Global
	GlobalSection(SolutionConfigurationPlatforms) = preSolution
		Debug|Any CPU = Debug|Any CPU
		Release|Any CPU = Release|Any CPU
	EndGlobalSection
	GlobalSection(ProjectConfigurationPlatforms) = postSolution
		{0263AD5F-EF97-4DF3-851B-70E1738F8857}.Debug|Any CPU.ActiveCfg = Debug|Any CPU
		{0263AD5F-EF97-4DF3-851B-70E1738F8857}.Debug|Any CPU.Build.0 = Debug|Any CPU
		{0263AD5F-EF97-4DF3-851B-70E1738F8857}.Release|Any CPU.ActiveCfg = Release|Any CPU
		{0263AD5F-EF97-4DF3-851B-70E1738F8857}.Release|Any CPU.Build.0 = Release|Any CPU
		{946F6B5A-804E-4B9E-B892-CEAF7BDA1925}.Debug|Any CPU.ActiveCfg = Debug|Any CPU
		{946F6B5A-804E-4B9E-B892-CEAF7BDA1925}.Debug|Any CPU.Build.0 = Debug|Any CPU
		{946F6B5A-804E-4B9E-B892-CEAF7BDA1925}.Release|Any CPU.ActiveCfg = Release|Any CPU
		{946F6B5A-804E-4B9E-B892-CEAF7BDA1925}.Release|Any CPU.Build.0 = Release|Any CPU
		{79B37BAA-E1D3-4D15-A4C8-F1C1E13BF8E1}.Debug|Any CPU.ActiveCfg = Debug|Any CPU
		{79B37BAA-E1D3-4D15-A4C8-F1C1E13BF8E1}.Debug|Any CPU.Build.0 = Debug|Any CPU
		{79B37BAA-E1D3-4D15-A4C8-F1C1E13BF8E1}.Release|Any CPU.ActiveCfg = Release|Any CPU
		{79B37BAA-E1D3-4D15-A4C8-F1C1E13BF8E1}.Release|Any CPU.Build.0 = Release|Any CPU
		{E066EBFB-293C-4442-86A0-5199FC205A0F}.Debug|Any CPU.ActiveCfg = Debug|Any CPU
		{E066EBFB-293C-4442-86A0-5199FC205A0F}.Debug|Any CPU.Build.0 = Debug|Any CPU
		{E066EBFB-293C-4442-86A0-5199FC205A0F}.Release|Any CPU.ActiveCfg = Release|Any CPU
		{E066EBFB-293C-4442-86A0-5199FC205A0F}.Release|Any CPU.Build.0 = Release|Any CPU
		{30468071-6BAA-40EC-9770-0D7F686727C7}.Debug|Any CPU.ActiveCfg = Debug|Any CPU
		{30468071-6BAA-40EC-9770-0D7F686727C7}.Debug|Any CPU.Build.0 = Debug|Any CPU
		{30468071-6BAA-40EC-9770-0D7F686727C7}.Release|Any CPU.ActiveCfg = Release|Any CPU
		{30468071-6BAA-40EC-9770-0D7F686727C7}.Release|Any CPU.Build.0 = Release|Any CPU
		{4A5487A7-C1C3-4745-A40C-9FD20D31C482}.Debug|Any CPU.ActiveCfg = Debug|Any CPU
		{4A5487A7-C1C3-4745-A40C-9FD20D31C482}.Debug|Any CPU.Build.0 = Debug|Any CPU
		{4A5487A7-C1C3-4745-A40C-9FD20D31C482}.Release|Any CPU.ActiveCfg = Release|Any CPU
		{4A5487A7-C1C3-4745-A40C-9FD20D31C482}.Release|Any CPU.Build.0 = Release|Any CPU
		{0142224B-103F-4DB2-B113-FBB06E19A606}.Debug|Any CPU.ActiveCfg = Debug|Any CPU
		{0142224B-103F-4DB2-B113-FBB06E19A606}.Debug|Any CPU.Build.0 = Debug|Any CPU
		{0142224B-103F-4DB2-B113-FBB06E19A606}.Release|Any CPU.ActiveCfg = Release|Any CPU
		{0142224B-103F-4DB2-B113-FBB06E19A606}.Release|Any CPU.Build.0 = Release|Any CPU
		{E51EA8A0-D30C-424A-91B9-7FF6AE9CC258}.Debug|Any CPU.ActiveCfg = Debug|Any CPU
		{E51EA8A0-D30C-424A-91B9-7FF6AE9CC258}.Debug|Any CPU.Build.0 = Debug|Any CPU
		{E51EA8A0-D30C-424A-91B9-7FF6AE9CC258}.Release|Any CPU.ActiveCfg = Release|Any CPU
		{E51EA8A0-D30C-424A-91B9-7FF6AE9CC258}.Release|Any CPU.Build.0 = Release|Any CPU
		{B000336A-3CF6-4085-8CE6-B9C7FAD2E7B7}.Debug|Any CPU.ActiveCfg = Debug|Any CPU
		{B000336A-3CF6-4085-8CE6-B9C7FAD2E7B7}.Debug|Any CPU.Build.0 = Debug|Any CPU
		{B000336A-3CF6-4085-8CE6-B9C7FAD2E7B7}.Release|Any CPU.ActiveCfg = Release|Any CPU
		{B000336A-3CF6-4085-8CE6-B9C7FAD2E7B7}.Release|Any CPU.Build.0 = Release|Any CPU
		{2DC61A29-9EB6-4A60-8FB2-0082F8D10012}.Debug|Any CPU.ActiveCfg = Debug|Any CPU
		{2DC61A29-9EB6-4A60-8FB2-0082F8D10012}.Debug|Any CPU.Build.0 = Debug|Any CPU
		{2DC61A29-9EB6-4A60-8FB2-0082F8D10012}.Release|Any CPU.ActiveCfg = Release|Any CPU
		{2DC61A29-9EB6-4A60-8FB2-0082F8D10012}.Release|Any CPU.Build.0 = Release|Any CPU
	EndGlobalSection
	GlobalSection(SolutionProperties) = preSolution
		HideSolutionNode = FALSE
	EndGlobalSection
	GlobalSection(ExtensibilityGlobals) = postSolution
		SolutionGuid = {2D92D0EA-DD17-4840-BEEE-417E1784448F}
	EndGlobalSection
EndGlobal
